{
    "_readme": [
        "This file locks the dependencies of your project to a known state",
        "Read more about it at http://getcomposer.org/doc/01-basic-usage.md#composer-lock-the-lock-file",
        "This file is @generated automatically"
    ],
    "hash": "ea990972ed67f6b096299aeb731dcf84",
    "packages": [
        {
            "name": "camspiers/json-pretty",
            "version": "1.0.0",
            "source": {
                "type": "git",
                "url": "https://github.com/camspiers/json-pretty.git",
                "reference": "2378ac3e8e798e9c55bd3c194238cde35af93817"
            },
            "dist": {
                "type": "zip",
                "url": "https://api.github.com/repos/camspiers/json-pretty/zipball/2378ac3e8e798e9c55bd3c194238cde35af93817",
                "reference": "2378ac3e8e798e9c55bd3c194238cde35af93817",
                "shasum": ""
            },
            "require-dev": {
                "phpunit/phpunit": "3.7.*"
            },
            "suggest": {
                "pimple/pimple": "Useful for dependency injection"
            },
            "type": "library",
            "autoload": {
                "psr-0": {
                    "Camspiers": "src/"
                }
            },
            "notification-url": "https://packagist.org/downloads/",
            "license": [
                "MIT"
            ],
            "authors": [
                {
                    "name": "Cam Spiers",
                    "email": "cameron@heyday.co.nz",
                    "homepage": "https://github.com/camspiers/",
                    "role": "Developer"
                }
            ],
            "description": "Provides support for json pretty printing in php 5.3",
            "time": "2014-01-24 12:31:00"
        },
        {
            "name": "markwilson/xml-to-json",
            "version": "0.1.3",
            "source": {
                "type": "git",
                "url": "https://github.com/markwilson/xml-to-json.git",
                "reference": "827691f41174e3d68839c5927a3ea15af5656cf7"
            },
            "dist": {
                "type": "zip",
                "url": "https://api.github.com/repos/markwilson/xml-to-json/zipball/827691f41174e3d68839c5927a3ea15af5656cf7",
                "reference": "827691f41174e3d68839c5927a3ea15af5656cf7",
                "shasum": ""
            },
            "require-dev": {
                "phpunit/phpunit": "~4.0"
            },
            "type": "library",
            "autoload": {
                "psr-0": {
                    "MarkWilson": "./src"
                }
            },
            "notification-url": "https://packagist.org/downloads/",
            "license": [
                "MIT"
            ],
            "authors": [
                {
                    "name": "Mark Wilson",
                    "email": "mark@89allport.co.uk",
                    "homepage": "http://markwilson.me"
                }
            ],
            "time": "2014-07-17 15:17:36"
        }
    ],
    "packages-dev": [],
    "aliases": [],
    "minimum-stability": "stable",
    "stability-flags": [],
    "prefer-stable": false,
    "prefer-lowest": false,
    "platform": [],
    "platform-dev": []
}
